
Microsoft Visual Studio Solution File, Format Version 12.00
# Visual Studio Version 17
VisualStudioVersion = 17.0.31903.59
MinimumVisualStudioVersion = 10.0.40219.1
Project("{2150E333-8FDC-42A3-9474-1A3956D46DE8}") = "src", "src", "{827E0CD3-B72D-47B6-A68D-7590B98EB39B}"
EndProject
Project("{FAE04EC0-301F-11D3-BF4B-00C04F79EFBC}") = "VideoGame.Api", "src\VideoGame.Api\VideoGame.Api.csproj", "{7A21C136-5385-4112-937D-A34E912A6C66}"
EndProject
Project("{2150E333-8FDC-42A3-9474-1A3956D46DE8}") = "tests", "tests", "{0AB3BF05-4346-4AA6-1389-037BE0695223}"
EndProject
Project("{FAE04EC0-301F-11D3-BF4B-00C04F79EFBC}") = "VideoGame.Functional", "tests\VideoGame.Functional\VideoGame.Functional.csproj", "{E68AB12F-1CDF-437B-8465-7DBC9013E666}"
EndProject
Project("{FAE04EC0-301F-11D3-BF4B-00C04F79EFBC}") = "VideoGame.Domain", "src\VideoGame.Domain\VideoGame.Domain.csproj", "{446119E3-F0DD-4B86-9B88-B22146357D87}"
EndProject
Project("{FAE04EC0-301F-11D3-BF4B-00C04F79EFBC}") = "VideoGame.Application", "src\VideoGame.Application\VideoGame.Application.csproj", "{C73BFA15-C738-4418-8560-1FCA8DC55CD9}"
EndProject
Project("{FAE04EC0-301F-11D3-BF4B-00C04F79EFBC}") = "VideoGame.Infrastructure", "src\VideoGame.Infrastructure\VideoGame.Infrastructure.csproj", "{006CA7C5-897C-41FD-B915-AD8E1754DACE}"
EndProject
Global
	GlobalSection(SolutionConfigurationPlatforms) = preSolution
		Debug|Any CPU = Debug|Any CPU
		Debug|x64 = Debug|x64
		Debug|x86 = Debug|x86
		Release|Any CPU = Release|Any CPU
		Release|x64 = Release|x64
		Release|x86 = Release|x86
	EndGlobalSection
	GlobalSection(ProjectConfigurationPlatforms) = postSolution
		{7A21C136-5385-4112-937D-A34E912A6C66}.Debug|Any CPU.ActiveCfg = Debug|Any CPU
		{7A21C136-5385-4112-937D-A34E912A6C66}.Debug|Any CPU.Build.0 = Debug|Any CPU
		{7A21C136-5385-4112-937D-A34E912A6C66}.Debug|x64.ActiveCfg = Debug|Any CPU
		{7A21C136-5385-4112-937D-A34E912A6C66}.Debug|x64.Build.0 = Debug|Any CPU
		{7A21C136-5385-4112-937D-A34E912A6C66}.Debug|x86.ActiveCfg = Debug|Any CPU
		{7A21C136-5385-4112-937D-A34E912A6C66}.Debug|x86.Build.0 = Debug|Any CPU
		{7A21C136-5385-4112-937D-A34E912A6C66}.Release|Any CPU.ActiveCfg = Release|Any CPU
		{7A21C136-5385-4112-937D-A34E912A6C66}.Release|Any CPU.Build.0 = Release|Any CPU
		{7A21C136-5385-4112-937D-A34E912A6C66}.Release|x64.ActiveCfg = Release|Any CPU
		{7A21C136-5385-4112-937D-A34E912A6C66}.Release|x64.Build.0 = Release|Any CPU
		{7A21C136-5385-4112-937D-A34E912A6C66}.Release|x86.ActiveCfg = Release|Any CPU
		{7A21C136-5385-4112-937D-A34E912A6C66}.Release|x86.Build.0 = Release|Any CPU
		{E68AB12F-1CDF-437B-8465-7DBC9013E666}.Debug|Any CPU.ActiveCfg = Debug|Any CPU
		{E68AB12F-1CDF-437B-8465-7DBC9013E666}.Debug|Any CPU.Build.0 = Debug|Any CPU
		{E68AB12F-1CDF-437B-8465-7DBC9013E666}.Debug|x64.ActiveCfg = Debug|Any CPU
		{E68AB12F-1CDF-437B-8465-7DBC9013E666}.Debug|x64.Build.0 = Debug|Any CPU
		{E68AB12F-1CDF-437B-8465-7DBC9013E666}.Debug|x86.ActiveCfg = Debug|Any CPU
		{E68AB12F-1CDF-437B-8465-7DBC9013E666}.Debug|x86.Build.0 = Debug|Any CPU
		{E68AB12F-1CDF-437B-8465-7DBC9013E666}.Release|Any CPU.ActiveCfg = Release|Any CPU
		{E68AB12F-1CDF-437B-8465-7DBC9013E666}.Release|Any CPU.Build.0 = Release|Any CPU
		{E68AB12F-1CDF-437B-8465-7DBC9013E666}.Release|x64.ActiveCfg = Release|Any CPU
		{E68AB12F-1CDF-437B-8465-7DBC9013E666}.Release|x64.Build.0 = Release|Any CPU
		{E68AB12F-1CDF-437B-8465-7DBC9013E666}.Release|x86.ActiveCfg = Release|Any CPU
		{E68AB12F-1CDF-437B-8465-7DBC9013E666}.Release|x86.Build.0 = Release|Any CPU
		{446119E3-F0DD-4B86-9B88-B22146357D87}.Debug|Any CPU.ActiveCfg = Debug|Any CPU
		{446119E3-F0DD-4B86-9B88-B22146357D87}.Debug|Any CPU.Build.0 = Debug|Any CPU
		{446119E3-F0DD-4B86-9B88-B22146357D87}.Debug|x64.ActiveCfg = Debug|Any CPU
		{446119E3-F0DD-4B86-9B88-B22146357D87}.Debug|x64.Build.0 = Debug|Any CPU
		{446119E3-F0DD-4B86-9B88-B22146357D87}.Debug|x86.ActiveCfg = Debug|Any CPU
		{446119E3-F0DD-4B86-9B88-B22146357D87}.Debug|x86.Build.0 = Debug|Any CPU
		{446119E3-F0DD-4B86-9B88-B22146357D87}.Release|Any CPU.ActiveCfg = Release|Any CPU
		{446119E3-F0DD-4B86-9B88-B22146357D87}.Release|Any CPU.Build.0 = Release|Any CPU
		{446119E3-F0DD-4B86-9B88-B22146357D87}.Release|x64.ActiveCfg = Release|Any CPU
		{446119E3-F0DD-4B86-9B88-B22146357D87}.Release|x64.Build.0 = Release|Any CPU
		{446119E3-F0DD-4B86-9B88-B22146357D87}.Release|x86.ActiveCfg = Release|Any CPU
		{446119E3-F0DD-4B86-9B88-B22146357D87}.Release|x86.Build.0 = Release|Any CPU
		{C73BFA15-C738-4418-8560-1FCA8DC55CD9}.Debug|Any CPU.ActiveCfg = Debug|Any CPU
		{C73BFA15-C738-4418-8560-1FCA8DC55CD9}.Debug|Any CPU.Build.0 = Debug|Any CPU
		{C73BFA15-C738-4418-8560-1FCA8DC55CD9}.Debug|x64.ActiveCfg = Debug|Any CPU
		{C73BFA15-C738-4418-8560-1FCA8DC55CD9}.Debug|x64.Build.0 = Debug|Any CPU
		{C73BFA15-C738-4418-8560-1FCA8DC55CD9}.Debug|x86.ActiveCfg = Debug|Any CPU
		{C73BFA15-C738-4418-8560-1FCA8DC55CD9}.Debug|x86.Build.0 = Debug|Any CPU
		{C73BFA15-C738-4418-8560-1FCA8DC55CD9}.Release|Any CPU.ActiveCfg = Release|Any CPU
		{C73BFA15-C738-4418-8560-1FCA8DC55CD9}.Release|Any CPU.Build.0 = Release|Any CPU
		{C73BFA15-C738-4418-8560-1FCA8DC55CD9}.Release|x64.ActiveCfg = Release|Any CPU
		{C73BFA15-C738-4418-8560-1FCA8DC55CD9}.Release|x64.Build.0 = Release|Any CPU
		{C73BFA15-C738-4418-8560-1FCA8DC55CD9}.Release|x86.ActiveCfg = Release|Any CPU
		{C73BFA15-C738-4418-8560-1FCA8DC55CD9}.Release|x86.Build.0 = Release|Any CPU
		{006CA7C5-897C-41FD-B915-AD8E1754DACE}.Debug|Any CPU.ActiveCfg = Debug|Any CPU
		{006CA7C5-897C-41FD-B915-AD8E1754DACE}.Debug|Any CPU.Build.0 = Debug|Any CPU
		{006CA7C5-897C-41FD-B915-AD8E1754DACE}.Debug|x64.ActiveCfg = Debug|Any CPU
		{006CA7C5-897C-41FD-B915-AD8E1754DACE}.Debug|x64.Build.0 = Debug|Any CPU
		{006CA7C5-897C-41FD-B915-AD8E1754DACE}.Debug|x86.ActiveCfg = Debug|Any CPU
		{006CA7C5-897C-41FD-B915-AD8E1754DACE}.Debug|x86.Build.0 = Debug|Any CPU
		{006CA7C5-897C-41FD-B915-AD8E1754DACE}.Release|Any CPU.ActiveCfg = Release|Any CPU
		{006CA7C5-897C-41FD-B915-AD8E1754DACE}.Release|Any CPU.Build.0 = Release|Any CPU
		{006CA7C5-897C-41FD-B915-AD8E1754DACE}.Release|x64.ActiveCfg = Release|Any CPU
		{006CA7C5-897C-41FD-B915-AD8E1754DACE}.Release|x64.Build.0 = Release|Any CPU
		{006CA7C5-897C-41FD-B915-AD8E1754DACE}.Release|x86.ActiveCfg = Release|Any CPU
		{006CA7C5-897C-41FD-B915-AD8E1754DACE}.Release|x86.Build.0 = Release|Any CPU
	EndGlobalSection
	GlobalSection(SolutionProperties) = preSolution
		HideSolutionNode = FALSE
	EndGlobalSection
	GlobalSection(NestedProjects) = preSolution
		{7A21C136-5385-4112-937D-A34E912A6C66} = {827E0CD3-B72D-47B6-A68D-7590B98EB39B}
		{E68AB12F-1CDF-437B-8465-7DBC9013E666} = {0AB3BF05-4346-4AA6-1389-037BE0695223}
		{446119E3-F0DD-4B86-9B88-B22146357D87} = {827E0CD3-B72D-47B6-A68D-7590B98EB39B}
		{C73BFA15-C738-4418-8560-1FCA8DC55CD9} = {827E0CD3-B72D-47B6-A68D-7590B98EB39B}
		{006CA7C5-897C-41FD-B915-AD8E1754DACE} = {827E0CD3-B72D-47B6-A68D-7590B98EB39B}
	EndGlobalSection
EndGlobal
